
Microsoft Visual Studio Solution File, Format Version 12.00
# Visual Studio Version 17
VisualStudioVersion = 17.0.31717.71
MinimumVisualStudioVersion = 10.0.40219.1
Project("{FAE04EC0-301F-11D3-BF4B-00C04F79EFBC}") = "TickTacToe", "TickTacToe.csproj", "{B4FDD939-96C3-4127-BA66-4226DE4DEA79}"
EndProject
Global
	GlobalSection(SolutionConfigurationPlatforms) = preSolution
		Debug|Any CPU = Debug|Any CPU
		Release|Any CPU = Release|Any CPU
	EndGlobalSection
	GlobalSection(ProjectConfigurationPlatforms) = postSolution
		{B4FDD939-96C3-4127-BA66-4226DE4DEA79}.Debug|Any CPU.ActiveCfg = Debug|Any CPU
		{B4FDD939-96C3-4127-BA66-4226DE4DEA79}.Debug|Any CPU.Build.0 = Debug|Any CPU
		{B4FDD939-96C3-4127-BA66-4226DE4DEA79}.Release|Any CPU.ActiveCfg = Release|Any CPU
		{B4FDD939-96C3-4127-BA66-4226DE4DEA79}.Release|Any CPU.Build.0 = Release|Any CPU
	EndGlobalSection
	GlobalSection(SolutionProperties) = preSolution
		HideSolutionNode = FALSE
	EndGlobalSection
	GlobalSection(ExtensibilityGlobals) = postSolution
		SolutionGuid = {09B1B129-7776-4FF3-B859-DFCE5BBEA5AB}
	EndGlobalSection
EndGlobal
